
Microsoft Visual Studio Solution File, Format Version 12.00
# Visual Studio 15
VisualStudioVersion = 15.0.28010.2041
MinimumVisualStudioVersion = 10.0.40219.1
Project("{FAE04EC0-301F-11D3-BF4B-00C04F79EFBC}") = "LabV2OOP", "LabV2OOP\LabV2OOP.csproj", "{F64474B4-5C6D-4E31-8DD1-DC8B97DF39D6}"
EndProject
Global
	GlobalSection(SolutionConfigurationPlatforms) = preSolution
		Debug|Any CPU = Debug|Any CPU
		Release|Any CPU = Release|Any CPU
	EndGlobalSection
	GlobalSection(ProjectConfigurationPlatforms) = postSolution
		{F64474B4-5C6D-4E31-8DD1-DC8B97DF39D6}.Debug|Any CPU.ActiveCfg = Debug|Any CPU
		{F64474B4-5C6D-4E31-8DD1-DC8B97DF39D6}.Debug|Any CPU.Build.0 = Debug|Any CPU
		{F64474B4-5C6D-4E31-8DD1-DC8B97DF39D6}.Release|Any CPU.ActiveCfg = Release|Any CPU
		{F64474B4-5C6D-4E31-8DD1-DC8B97DF39D6}.Release|Any CPU.Build.0 = Release|Any CPU
	EndGlobalSection
	GlobalSection(SolutionProperties) = preSolution
		HideSolutionNode = FALSE
	EndGlobalSection
	GlobalSection(ExtensibilityGlobals) = postSolution
		SolutionGuid = {45E9B612-4F6B-472F-8195-65B9F1C23A6D}
	EndGlobalSection
EndGlobal
